
Microsoft Visual Studio Solution File, Format Version 12.00
# Visual Studio Version 16
VisualStudioVersion = 16.0.28729.10
MinimumVisualStudioVersion = 10.0.40219.1
Project("{888888A0-9F3D-457C-B088-3A5042F75D52}") = "auto select design parameters", "auto select design parameters.pyproj", "{4201DBAD-728A-4046-A13B-71E816E42D9F}"
EndProject
Global
	GlobalSection(SolutionConfigurationPlatforms) = preSolution
		Debug|Any CPU = Debug|Any CPU
		Release|Any CPU = Release|Any CPU
	EndGlobalSection
	GlobalSection(ProjectConfigurationPlatforms) = postSolution
		{4201DBAD-728A-4046-A13B-71E816E42D9F}.Debug|Any CPU.ActiveCfg = Debug|Any CPU
		{4201DBAD-728A-4046-A13B-71E816E42D9F}.Release|Any CPU.ActiveCfg = Release|Any CPU
	EndGlobalSection
	GlobalSection(SolutionProperties) = preSolution
		HideSolutionNode = FALSE
	EndGlobalSection
	GlobalSection(ExtensibilityGlobals) = postSolution
		SolutionGuid = {A390C55C-AA47-4DA4-B6C1-62A938DF368E}
	EndGlobalSection
EndGlobal
